
Microsoft Visual Studio Solution File, Format Version 12.00
# Visual Studio Version 16
VisualStudioVersion = 16.0.31025.194
MinimumVisualStudioVersion = 10.0.40219.1
Project("{FAE04EC0-301F-11D3-BF4B-00C04F79EFBC}") = "SayHello", "SayHello\SayHello.csproj", "{7B45C8C5-1692-48E4-B02C-25280A81D11C}"
EndProject
Project("{9A19103F-16F7-4668-BE54-9A1E7A4F7556}") = "Names", "Names\Names.csproj", "{F11CE7EE-7823-4696-B816-46F701EE61AE}"
EndProject
Project("{FAE04EC0-301F-11D3-BF4B-00C04F79EFBC}") = "book", "book\book.csproj", "{47330377-A2F8-4E5D-ABC5-216F1408A2D8}"
EndProject
Project("{9A19103F-16F7-4668-BE54-9A1E7A4F7556}") = "BikeShop", "BikeShop\BikeShop.csproj", "{9A7B72BE-973D-4AA8-9BD8-1165D12F1D31}"
EndProject
Global
	GlobalSection(SolutionConfigurationPlatforms) = preSolution
		Debug|Any CPU = Debug|Any CPU
		Release|Any CPU = Release|Any CPU
	EndGlobalSection
	GlobalSection(ProjectConfigurationPlatforms) = postSolution
		{7B45C8C5-1692-48E4-B02C-25280A81D11C}.Debug|Any CPU.ActiveCfg = Debug|Any CPU
		{7B45C8C5-1692-48E4-B02C-25280A81D11C}.Debug|Any CPU.Build.0 = Debug|Any CPU
		{7B45C8C5-1692-48E4-B02C-25280A81D11C}.Release|Any CPU.ActiveCfg = Release|Any CPU
		{7B45C8C5-1692-48E4-B02C-25280A81D11C}.Release|Any CPU.Build.0 = Release|Any CPU
		{F11CE7EE-7823-4696-B816-46F701EE61AE}.Debug|Any CPU.ActiveCfg = Debug|Any CPU
		{F11CE7EE-7823-4696-B816-46F701EE61AE}.Debug|Any CPU.Build.0 = Debug|Any CPU
		{F11CE7EE-7823-4696-B816-46F701EE61AE}.Release|Any CPU.ActiveCfg = Release|Any CPU
		{F11CE7EE-7823-4696-B816-46F701EE61AE}.Release|Any CPU.Build.0 = Release|Any CPU
		{47330377-A2F8-4E5D-ABC5-216F1408A2D8}.Debug|Any CPU.ActiveCfg = Debug|Any CPU
		{47330377-A2F8-4E5D-ABC5-216F1408A2D8}.Debug|Any CPU.Build.0 = Debug|Any CPU
		{47330377-A2F8-4E5D-ABC5-216F1408A2D8}.Release|Any CPU.ActiveCfg = Release|Any CPU
		{47330377-A2F8-4E5D-ABC5-216F1408A2D8}.Release|Any CPU.Build.0 = Release|Any CPU
		{9A7B72BE-973D-4AA8-9BD8-1165D12F1D31}.Debug|Any CPU.ActiveCfg = Debug|Any CPU
		{9A7B72BE-973D-4AA8-9BD8-1165D12F1D31}.Debug|Any CPU.Build.0 = Debug|Any CPU
		{9A7B72BE-973D-4AA8-9BD8-1165D12F1D31}.Release|Any CPU.ActiveCfg = Release|Any CPU
		{9A7B72BE-973D-4AA8-9BD8-1165D12F1D31}.Release|Any CPU.Build.0 = Release|Any CPU
	EndGlobalSection
	GlobalSection(SolutionProperties) = preSolution
		HideSolutionNode = FALSE
	EndGlobalSection
	GlobalSection(ExtensibilityGlobals) = postSolution
		SolutionGuid = {4569DCEF-3D27-439D-90B5-EEFA3B53275F}
	EndGlobalSection
EndGlobal
